{
  "version": "5",
  "specifiers": {
    "jsr:@std/assert@^1.0.13": "1.0.13",
    "jsr:@std/async@^1.0.14": "1.0.14",
    "jsr:@std/internal@^1.0.6": "1.0.9",
    "npm:@jsr/std__assert@*": "1.0.13",
    "npm:@jsr/std__async@^1.0.14": "1.0.14",
    "npm:@types/mocha@^10.0.10": "10.0.10",
    "npm:mobx@^6.13.7": "6.13.7",
    "npm:typescript@^5.5.3": "5.8.3"
  },
  "jsr": {
    "@std/assert@1.0.13": {
      "integrity": "ae0d31e41919b12c656c742b22522c32fb26ed0cba32975cb0de2a273cb68b29",
      "dependencies": [
        "jsr:@std/internal"
      ]
    },
    "@std/async@1.0.14": {
      "integrity": "62e954a418652c704d37563a3e54a37d4cf0268a9dcaeac1660cc652880b5326"
    },
    "@std/internal@1.0.9": {
      "integrity": "bdfb97f83e4db7a13e8faab26fb1958d1b80cc64366501af78a0aee151696eb8"
    }
  },
  "npm": {
    "@jsr/std__assert@1.0.13": {
      "integrity": "sha512-rZ44REoi2/p+gqu8OfkcNeaTOSiG1kD6v8gyA0YjkXsOkDsiGw9g8h7JuGC/OD7GgOVgTEY+9Cih49Y18rkrCQ==",
      "dependencies": [
        "@jsr/std__internal"
      ],
      "tarball": "https://npm.jsr.io/~/11/@jsr/std__assert/1.0.13.tgz"
    },
    "@jsr/std__async@1.0.14": {
      "integrity": "sha512-aIG8W3TOmW+lKdAJA5w56qASu9EiUmBXbhW6eAlSEUBid+KVESGqQygFFg+awt/c8K+qobVM6M/u3SbIy0NyUQ==",
      "tarball": "https://npm.jsr.io/~/11/@jsr/std__async/1.0.14.tgz"
    },
    "@jsr/std__internal@1.0.9": {
      "integrity": "sha512-s+f4qrJzZgPAy7XuFOtgaSaxyPLnnEmAfXGLvRXGxPTL76URLVHkF+hOzqXz+bmk8/awybF6BRsasxtAQOV23Q==",
      "tarball": "https://npm.jsr.io/~/11/@jsr/std__internal/1.0.9.tgz"
    },
    "@types/mocha@10.0.10": {
      "integrity": "sha512-xPyYSz1cMPnJQhl0CLMH68j3gprKZaTjG3s5Vi+fDgx+uhG9NOXwbVt52eFS8ECyXhyKcjDLCBEqBExKuiZb7Q=="
    },
    "mobx@6.13.7": {
      "integrity": "sha512-aChaVU/DO5aRPmk1GX8L+whocagUUpBQqoPtJk+cm7UOXUk87J4PeWCh6nNmTTIfEhiR9DI/+FnA8dln/hTK7g=="
    },
    "typescript@5.8.3": {
      "integrity": "sha512-p1diW6TqL9L07nNxvRMM7hMMw4c5XOo/1ibL4aAIGmSAt9slTE1Xgw5KWuof2uTOvCg9BY7ZRi+GaF+7sfgPeQ==",
      "bin": true
    }
  },
  "workspace": {
    "dependencies": [
      "jsr:@std/assert@^1.0.13",
      "jsr:@std/async@^1.0.14"
    ],
    "packageJson": {
      "dependencies": [
        "npm:@adobe/lit-mobx@^2.2.2",
        "npm:@custom-elements-manifest/analyzer@~0.10.3",
        "npm:@jsr/std__assert@*",
        "npm:@jsr/std__async@^1.0.14",
        "npm:@open-wc/testing@4",
        "npm:@storybook/addon-a11y@^7.6.20",
        "npm:@storybook/addon-essentials@^7.6.20",
        "npm:@storybook/addon-links@^7.6.20",
        "npm:@storybook/web-components@^7.6.20",
        "npm:@types/mocha@^10.0.10",
        "npm:@web/storybook-builder@~0.1.16",
        "npm:@web/storybook-framework-web-components@~0.1.2",
        "npm:@web/test-runner@~0.18.2",
        "npm:concurrently@^8.2.2",
        "npm:lit@^3.1.4",
        "npm:mobx@^6.13.7",
        "npm:rxjs@^7.8.2",
        "npm:storybook@^7.6.20",
        "npm:tslib@^2.6.3",
        "npm:typescript@^5.5.3",
        "npm:vite@^7.1.7"
      ]
    }
  }
}
